
Microsoft Visual Studio Solution File, Format Version 12.00
# SQL Server Management Studio Version 21
VisualStudioVersion = 17.14.36429.23
MinimumVisualStudioVersion = 10.0.40219.1
Project("{4F2E2C19-372F-40D8-9FA7-9D2138C6997A}") = "SalesAnalysis", "SalesAnalysis.ssmssqlproj", "{8ECB0B66-4522-9011-6C02-4F44E50E0CA1}"
EndProject
Global
	GlobalSection(SolutionConfigurationPlatforms) = preSolution
		Default|Default = Default|Default
	EndGlobalSection
	GlobalSection(ProjectConfigurationPlatforms) = postSolution
		{8ECB0B66-4522-9011-6C02-4F44E50E0CA1}.Default|Default.ActiveCfg = Default
		{D5B72448-04D1-4CDC-B549-A93E159E5368}.Default|Default.ActiveCfg = Default
	EndGlobalSection
	GlobalSection(SolutionProperties) = preSolution
		HideSolutionNode = FALSE
	EndGlobalSection
	GlobalSection(ExtensibilityGlobals) = postSolution
		SolutionGuid = {3C633A54-0FF8-45EB-8144-9BCC5F884296}
	EndGlobalSection
EndGlobal
